// !$*UTF8*$!
{
	archiveVersion = 1;
	classes = {
	};
	objectVersion = 50;
	objects = {

/* Begin PBXBuildFile section */
		7A4186A1216202BC004275AE /* AppDelegate.m in Sources */ = {isa = PBXBuildFile; fileRef = 7A4186A0216202BC004275AE /* AppDelegate.m */; };
		7A4186A6216202BF004275AE /* Assets.xcassets in Resources */ = {isa = PBXBuildFile; fileRef = 7A4186A5216202BF004275AE /* Assets.xcassets */; };
		7A4186A9216202BF004275AE /* Main.storyboard in Resources */ = {isa = PBXBuildFile; fileRef = 7A4186A7216202BF004275AE /* Main.storyboard */; };
		7A4186AC216202BF004275AE /* main.m in Sources */ = {isa = PBXBuildFile; fileRef = 7A4186AB216202BF004275AE /* main.m */; };
		7A4186C42162057D004275AE /* PsychologistViewController.m in Sources */ = {isa = PBXBuildFile; fileRef = 7A4186C32162057D004275AE /* PsychologistViewController.m */; };
		7A4186C821620DBD004275AE /* HappinessViewController.m in Sources */ = {isa = PBXBuildFile; fileRef = 7A4186C721620DBD004275AE /* HappinessViewController.m */; };
		7A4186CB21620DE5004275AE /* FaceView.m in Sources */ = {isa = PBXBuildFile; fileRef = 7A4186CA21620DE5004275AE /* FaceView.m */; };
/* End PBXBuildFile section */

/* Begin PBXFileReference section */
		7A41869C216202BC004275AE /* PsycologistForMac.app */ = {isa = PBXFileReference; explicitFileType = wrapper.application; includeInIndex = 0; path = PsycologistForMac.app; sourceTree = BUILT_PRODUCTS_DIR; };
		7A41869F216202BC004275AE /* AppDelegate.h */ = {isa = PBXFileReference; lastKnownFileType = sourcecode.c.h; path = AppDelegate.h; sourceTree = "<group>"; };
		7A4186A0216202BC004275AE /* AppDelegate.m */ = {isa = PBXFileReference; lastKnownFileType = sourcecode.c.objc; path = AppDelegate.m; sourceTree = "<group>"; };
		7A4186A5216202BF004275AE /* Assets.xcassets */ = {isa = PBXFileReference; lastKnownFileType = folder.assetcatalog; path = Assets.xcassets; sourceTree = "<group>"; };
		7A4186A8216202BF004275AE /* Base */ = {isa = PBXFileReference; lastKnownFileType = file.storyboard; name = Base; path = Base.lproj/Main.storyboard; sourceTree = "<group>"; };
		7A4186AA216202BF004275AE /* Info.plist */ = {isa = PBXFileReference; lastKnownFileType = text.plist.xml; path = Info.plist; sourceTree = "<group>"; };
		7A4186AB216202BF004275AE /* main.m */ = {isa = PBXFileReference; lastKnownFileType = sourcecode.c.objc; path = main.m; sourceTree = "<group>"; };
		7A4186AD216202BF004275AE /* PsycologistForMac.entitlements */ = {isa = PBXFileReference; lastKnownFileType = text.plist.entitlements; path = PsycologistForMac.entitlements; sourceTree = "<group>"; };
		7A4186C22162057D004275AE /* PsychologistViewController.h */ = {isa = PBXFileReference; lastKnownFileType = sourcecode.c.h; path = PsychologistViewController.h; sourceTree = "<group>"; };
		7A4186C32162057D004275AE /* PsychologistViewController.m */ = {isa = PBXFileReference; lastKnownFileType = sourcecode.c.objc; path = PsychologistViewController.m; sourceTree = "<group>"; };
		7A4186C621620DBD004275AE /* HappinessViewController.h */ = {isa = PBXFileReference; fileEncoding = 4; lastKnownFileType = sourcecode.c.h; path = HappinessViewController.h; sourceTree = "<group>"; };
		7A4186C721620DBD004275AE /* HappinessViewController.m */ = {isa = PBXFileReference; fileEncoding = 4; lastKnownFileType = sourcecode.c.objc; path = HappinessViewController.m; sourceTree = "<group>"; };
		7A4186C921620DE5004275AE /* FaceView.h */ = {isa = PBXFileReference; fileEncoding = 4; lastKnownFileType = sourcecode.c.h; path = FaceView.h; sourceTree = "<group>"; };
		7A4186CA21620DE5004275AE /* FaceView.m */ = {isa = PBXFileReference; fileEncoding = 4; lastKnownFileType = sourcecode.c.objc; path = FaceView.m; sourceTree = "<group>"; };
/* End PBXFileReference section */

/* Begin PBXFrameworksBuildPhase section */
		7A418699216202BC004275AE /* Frameworks */ = {
			isa = PBXFrameworksBuildPhase;
			buildActionMask = 2147483647;
			files = (
			);
			runOnlyForDeploymentPostprocessing = 0;
		};
/* End PBXFrameworksBuildPhase section */

/* Begin PBXGroup section */
		7A31B6FC21645D4A006A5B48 /* Controller */ = {
			isa = PBXGroup;
			children = (
				7A41869F216202BC004275AE /* AppDelegate.h */,
				7A4186A0216202BC004275AE /* AppDelegate.m */,
			);
			path = Controller;
			sourceTree = "<group>";
		};
		7A31B6FD21645E04006A5B48 /* View */ = {
			isa = PBXGroup;
			children = (
				7A4186A7216202BF004275AE /* Main.storyboard */,
			);
			path = View;
			sourceTree = "<group>";
		};
		7A418693216202BC004275AE = {
			isa = PBXGroup;
			children = (
				7A41869E216202BC004275AE /* PsycologistForMac */,
				7A41869D216202BC004275AE /* Products */,
			);
			sourceTree = "<group>";
		};
		7A41869D216202BC004275AE /* Products */ = {
			isa = PBXGroup;
			children = (
				7A41869C216202BC004275AE /* PsycologistForMac.app */,
			);
			name = Products;
			sourceTree = "<group>";
		};
		7A41869E216202BC004275AE /* PsycologistForMac */ = {
			isa = PBXGroup;
			children = (
				7A31B6FD21645E04006A5B48 /* View */,
				7A31B6FC21645D4A006A5B48 /* Controller */,
				7A4186B921620397004275AE /* Psychologist */,
				7A4186B821620385004275AE /* Happiness */,
				7A4186A5216202BF004275AE /* Assets.xcassets */,
				7A4186AA216202BF004275AE /* Info.plist */,
				7A4186AB216202BF004275AE /* main.m */,
				7A4186AD216202BF004275AE /* PsycologistForMac.entitlements */,
			);
			path = PsycologistForMac;
			sourceTree = "<group>";
		};
		7A4186B821620385004275AE /* Happiness */ = {
			isa = PBXGroup;
			children = (
				7A4186C1216203DC004275AE /* Controller */,
				7A4186C0216203CD004275AE /* View */,
			);
			path = Happiness;
			sourceTree = "<group>";
		};
		7A4186B921620397004275AE /* Psychologist */ = {
			isa = PBXGroup;
			children = (
				7A4186C521620C80004275AE /* Controller */,
			);
			path = Psychologist;
			sourceTree = "<group>";
		};
		7A4186C0216203CD004275AE /* View */ = {
			isa = PBXGroup;
			children = (
				7A4186C921620DE5004275AE /* FaceView.h */,
				7A4186CA21620DE5004275AE /* FaceView.m */,
			);
			path = View;
			sourceTree = "<group>";
		};
		7A4186C1216203DC004275AE /* Controller */ = {
			isa = PBXGroup;
			children = (
				7A4186C621620DBD004275AE /* HappinessViewController.h */,
				7A4186C721620DBD004275AE /* HappinessViewController.m */,
			);
			path = Controller;
			sourceTree = "<group>";
		};
		7A4186C521620C80004275AE /* Controller */ = {
			isa = PBXGroup;
			children = (
				7A4186C22162057D004275AE /* PsychologistViewController.h */,
				7A4186C32162057D004275AE /* PsychologistViewController.m */,
			);
			path = Controller;
			sourceTree = "<group>";
		};
/* End PBXGroup section */

/* Begin PBXNativeTarget section */
		7A41869B216202BC004275AE /* PsycologistForMac */ = {
			isa = PBXNativeTarget;
			buildConfigurationList = 7A4186B0216202BF004275AE /* Build configuration list for PBXNativeTarget "PsycologistForMac" */;
			buildPhases = (
				7A418698216202BC004275AE /* Sources */,
				7A418699216202BC004275AE /* Frameworks */,
				7A41869A216202BC004275AE /* Resources */,
			);
			buildRules = (
			);
			dependencies = (
			);
			name = PsycologistForMac;
			productName = PsycologistForMac;
			productReference = 7A41869C216202BC004275AE /* PsycologistForMac.app */;
			productType = "com.apple.product-type.application";
		};
/* End PBXNativeTarget section */

/* Begin PBXProject section */
		7A418694216202BC004275AE /* Project object */ = {
			isa = PBXProject;
			attributes = {
				LastUpgradeCheck = 1000;
				ORGANIZATIONNAME = JihoonPark;
				TargetAttributes = {
					7A41869B216202BC004275AE = {
						CreatedOnToolsVersion = 10.0;
					};
				};
			};
			buildConfigurationList = 7A418697216202BC004275AE /* Build configuration list for PBXProject "PsycologistForMac" */;
			compatibilityVersion = "Xcode 9.3";
			developmentRegion = en;
			hasScannedForEncodings = 0;
			knownRegions = (
				en,
				Base,
			);
			mainGroup = 7A418693216202BC004275AE;
			productRefGroup = 7A41869D216202BC004275AE /* Products */;
			projectDirPath = "";
			projectRoot = "";
			targets = (
				7A41869B216202BC004275AE /* PsycologistForMac */,
			);
		};
/* End PBXProject section */

/* Begin PBXResourcesBuildPhase section */
		7A41869A216202BC004275AE /* Resources */ = {
			isa = PBXResourcesBuildPhase;
			buildActionMask = 2147483647;
			files = (
				7A4186A6216202BF004275AE /* Assets.xcassets in Resources */,
				7A4186A9216202BF004275AE /* Main.storyboard in Resources */,
			);
			runOnlyForDeploymentPostprocessing = 0;
		};
/* End PBXResourcesBuildPhase section */

/* Begin PBXSourcesBuildPhase section */
		7A418698216202BC004275AE /* Sources */ = {
			isa = PBXSourcesBuildPhase;
			buildActionMask = 2147483647;
			files = (
				7A4186AC216202BF004275AE /* main.m in Sources */,
				7A4186C42162057D004275AE /* PsychologistViewController.m in Sources */,
				7A4186CB21620DE5004275AE /* FaceView.m in Sources */,
				7A4186A1216202BC004275AE /* AppDelegate.m in Sources */,
				7A4186C821620DBD004275AE /* HappinessViewController.m in Sources */,
			);
			runOnlyForDeploymentPostprocessing = 0;
		};
/* End PBXSourcesBuildPhase section */

/* Begin PBXVariantGroup section */
		7A4186A7216202BF004275AE /* Main.storyboard */ = {
			isa = PBXVariantGroup;
			children = (
				7A4186A8216202BF004275AE /* Base */,
			);
			name = Main.storyboard;
			sourceTree = "<group>";
		};
/* End PBXVariantGroup section */

/* Begin XCBuildConfiguration section */
		7A4186AE216202BF004275AE /* Debug */ = {
			isa = XCBuildConfiguration;
			buildSettings = {
				ALWAYS_SEARCH_USER_PATHS = NO;
				CLANG_ANALYZER_NONNULL = YES;
				CLANG_ANALYZER_NUMBER_OBJECT_CONVERSION = YES_AGGRESSIVE;
				CLANG_CXX_LANGUAGE_STANDARD = "gnu++14";
				CLANG_CXX_LIBRARY = "libc++";
				CLANG_ENABLE_MODULES = YES;
				CLANG_ENABLE_OBJC_ARC = YES;
				CLANG_ENABLE_OBJC_WEAK = YES;
				CLANG_WARN_BLOCK_CAPTURE_AUTORELEASING = YES;
				CLANG_WARN_BOOL_CONVERSION = YES;
				CLANG_WARN_COMMA = YES;
				CLANG_WARN_CONSTANT_CONVERSION = YES;
				CLANG_WARN_DEPRECATED_OBJC_IMPLEMENTATIONS = YES;
				CLANG_WARN_DIRECT_OBJC_ISA_USAGE = YES_ERROR;
				CLANG_WARN_DOCUMENTATION_COMMENTS = YES;
				CLANG_WARN_EMPTY_BODY = YES;
				CLANG_WARN_ENUM_CONVERSION = YES;
				CLANG_WARN_INFINITE_RECURSION = YES;
				CLANG_WARN_INT_CONVERSION = YES;
				CLANG_WARN_NON_LITERAL_NULL_CONVERSION = YES;
				CLANG_WARN_OBJC_IMPLICIT_RETAIN_SELF = YES;
				CLANG_WARN_OBJC_LITERAL_CONVERSION = YES;
				CLANG_WARN_OBJC_ROOT_CLASS = YES_ERROR;
				CLANG_WARN_RANGE_LOOP_ANALYSIS = YES;
				CLANG_WARN_STRICT_PROTOTYPES = YES;
				CLANG_WARN_SUSPICIOUS_MOVE = YES;
				CLANG_WARN_UNGUARDED_AVAILABILITY = YES_AGGRESSIVE;
				CLANG_WARN_UNREACHABLE_CODE = YES;
				CLANG_WARN__DUPLICATE_METHOD_MATCH = YES;
				CODE_SIGN_IDENTITY = "Mac Developer";
				COPY_PHASE_STRIP = NO;
				DEBUG_INFORMATION_FORMAT = dwarf;
				ENABLE_STRICT_OBJC_MSGSEND = YES;
				ENABLE_TESTABILITY = YES;
				GCC_C_LANGUAGE_STANDARD = gnu11;
				GCC_DYNAMIC_NO_PIC = NO;
				GCC_NO_COMMON_BLOCKS = YES;
				GCC_OPTIMIZATION_LEVEL = 0;
				GCC_PREPROCESSOR_DEFINITIONS = (
					"DEBUG=1",
					"$(inherited)",
				);
				GCC_WARN_64_TO_32_BIT_CONVERSION = YES;
				GCC_WARN_ABOUT_RETURN_TYPE = YES_ERROR;
				GCC_WARN_UNDECLARED_SELECTOR = YES;
				GCC_WARN_UNINITIALIZED_AUTOS = YES_AGGRESSIVE;
				GCC_WARN_UNUSED_FUNCTION = YES;
				GCC_WARN_UNUSED_VARIABLE = YES;
				MACOSX_DEPLOYMENT_TARGET = 10.13;
				MTL_ENABLE_DEBUG_INFO = INCLUDE_SOURCE;
				MTL_FAST_MATH = YES;
				ONLY_ACTIVE_ARCH = YES;
				SDKROOT = macosx;
			};
			name = Debug;
		};
		7A4186AF216202BF004275AE /* Release */ = {
			isa = XCBuildConfiguration;
			buildSettings = {
				ALWAYS_SEARCH_USER_PATHS = NO;
				CLANG_ANALYZER_NONNULL = YES;
				CLANG_ANALYZER_NUMBER_OBJECT_CONVERSION = YES_AGGRESSIVE;
				CLANG_CXX_LANGUAGE_STANDARD = "gnu++14";
				CLANG_CXX_LIBRARY = "libc++";
				CLANG_ENABLE_MODULES = YES;
				CLANG_ENABLE_OBJC_ARC = YES;
				CLANG_ENABLE_OBJC_WEAK = YES;
				CLANG_WARN_BLOCK_CAPTURE_AUTORELEASING = YES;
				CLANG_WARN_BOOL_CONVERSION = YES;
				CLANG_WARN_COMMA = YES;
				CLANG_WARN_CONSTANT_CONVERSION = YES;
				CLANG_WARN_DEPRECATED_OBJC_IMPLEMENTATIONS = YES;
				CLANG_WARN_DIRECT_OBJC_ISA_USAGE = YES_ERROR;
				CLANG_WARN_DOCUMENTATION_COMMENTS = YES;
				CLANG_WARN_EMPTY_BODY = YES;
				CLANG_WARN_ENUM_CONVERSION = YES;
				CLANG_WARN_INFINITE_RECURSION = YES;
				CLANG_WARN_INT_CONVERSION = YES;
				CLANG_WARN_NON_LITERAL_NULL_CONVERSION = YES;
				CLANG_WARN_OBJC_IMPLICIT_RETAIN_SELF = YES;
				CLANG_WARN_OBJC_LITERAL_CONVERSION = YES;
				CLANG_WARN_OBJC_ROOT_CLASS = YES_ERROR;
				CLANG_WARN_RANGE_LOOP_ANALYSIS = YES;
				CLANG_WARN_STRICT_PROTOTYPES = YES;
				CLANG_WARN_SUSPICIOUS_MOVE = YES;
				CLANG_WARN_UNGUARDED_AVAILABILITY = YES_AGGRESSIVE;
				CLANG_WARN_UNREACHABLE_CODE = YES;
				CLANG_WARN__DUPLICATE_METHOD_MATCH = YES;
				CODE_SIGN_IDENTITY = "Mac Developer";
				COPY_PHASE_STRIP = NO;
				DEBUG_INFORMATION_FORMAT = "dwarf-with-dsym";
				ENABLE_NS_ASSERTIONS = NO;
				ENABLE_STRICT_OBJC_MSGSEND = YES;
				GCC_C_LANGUAGE_STANDARD = gnu11;
				GCC_NO_COMMON_BLOCKS = YES;
				GCC_WARN_64_TO_32_BIT_CONVERSION = YES;
				GCC_WARN_ABOUT_RETURN_TYPE = YES_ERROR;
				GCC_WARN_UNDECLARED_SELECTOR = YES;
				GCC_WARN_UNINITIALIZED_AUTOS = YES_AGGRESSIVE;
				GCC_WARN_UNUSED_FUNCTION = YES;
				GCC_WARN_UNUSED_VARIABLE = YES;
				MACOSX_DEPLOYMENT_TARGET = 10.13;
				MTL_ENABLE_DEBUG_INFO = NO;
				MTL_FAST_MATH = YES;
				SDKROOT = macosx;
			};
			name = Release;
		};
		7A4186B1216202BF004275AE /* Debug */ = {
			isa = XCBuildConfiguration;
			buildSettings = {
				ASSETCATALOG_COMPILER_APPICON_NAME = AppIcon;
				CODE_SIGN_ENTITLEMENTS = PsycologistForMac/PsycologistForMac.entitlements;
				CODE_SIGN_STYLE = Automatic;
				COMBINE_HIDPI_IMAGES = YES;
				DEVELOPMENT_TEAM = Z73D4U4HW8;
				INFOPLIST_FILE = PsycologistForMac/Info.plist;
				LD_RUNPATH_SEARCH_PATHS = (
					"$(inherited)",
					"@executable_path/../Frameworks",
				);
				PRODUCT_BUNDLE_IDENTIFIER = cnu.201402356.PsycologistForMac;
				PRODUCT_NAME = "$(TARGET_NAME)";
			};
			name = Debug;
		};
		7A4186B2216202BF004275AE /* Release */ = {
			isa = XCBuildConfiguration;
			buildSettings = {
				ASSETCATALOG_COMPILER_APPICON_NAME = AppIcon;
				CODE_SIGN_ENTITLEMENTS = PsycologistForMac/PsycologistForMac.entitlements;
				CODE_SIGN_STYLE = Automatic;
				COMBINE_HIDPI_IMAGES = YES;
				DEVELOPMENT_TEAM = Z73D4U4HW8;
				INFOPLIST_FILE = PsycologistForMac/Info.plist;
				LD_RUNPATH_SEARCH_PATHS = (
					"$(inherited)",
					"@executable_path/../Frameworks",
				);
				PRODUCT_BUNDLE_IDENTIFIER = cnu.201402356.PsycologistForMac;
				PRODUCT_NAME = "$(TARGET_NAME)";
			};
			name = Release;
		};
/* End XCBuildConfiguration section */

/* Begin XCConfigurationList section */
		7A418697216202BC004275AE /* Build configuration list for PBXProject "PsycologistForMac" */ = {
			isa = XCConfigurationList;
			buildConfigurations = (
				7A4186AE216202BF004275AE /* Debug */,
				7A4186AF216202BF004275AE /* Release */,
			);
			defaultConfigurationIsVisible = 0;
			defaultConfigurationName = Release;
		};
		7A4186B0216202BF004275AE /* Build configuration list for PBXNativeTarget "PsycologistForMac" */ = {
			isa = XCConfigurationList;
			buildConfigurations = (
				7A4186B1216202BF004275AE /* Debug */,
				7A4186B2216202BF004275AE /* Release */,
			);
			defaultConfigurationIsVisible = 0;
			defaultConfigurationName = Release;
		};
/* End XCConfigurationList section */
	};
	rootObject = 7A418694216202BC004275AE /* Project object */;
}
